// !$*UTF8*$!
{
	archiveVersion = 1;
	classes = {
	};
	objectVersion = 48;
	objects = {

/* Begin PBXBuildFile section */
		2021E72A20BC03EF009625F1 /* AlipaySDK.bundle in Resources */ = {isa = PBXBuildFile; fileRef = 2021E6BC20BC03EE009625F1 /* AlipaySDK.bundle */; };
		2021E73920BC03EF009625F1 /* AlipaySDK.framework in Frameworks */ = {isa = PBXBuildFile; fileRef = 2021E72620BC03EF009625F1 /* AlipaySDK.framework */; };
		2021E74B20BC15F2009625F1 /* cmbkeyboard.framework in Frameworks */ = {isa = PBXBuildFile; fileRef = 2021E74020BC15F2009625F1 /* cmbkeyboard.framework */; };
		2021E74C20BC15F2009625F1 /* CMBUIWebViewController.m in Sources */ = {isa = PBXBuildFile; fileRef = 2021E74120BC15F2009625F1 /* CMBUIWebViewController.m */; };
		2021E74D20BC15F2009625F1 /* CMBWKWebViewController.m in Sources */ = {isa = PBXBuildFile; fileRef = 2021E74220BC15F2009625F1 /* CMBWKWebViewController.m */; };
		2021E74E20BC15F2009625F1 /* CMBJSPOST.html in Resources */ = {isa = PBXBuildFile; fileRef = 2021E74420BC15F2009625F1 /* CMBJSPOST.html */; };
		2021E74F20BC15F2009625F1 /* JJCCMBResponseManager.m in Sources */ = {isa = PBXBuildFile; fileRef = 2021E74620BC15F2009625F1 /* JJCCMBResponseManager.m */; };
		2021E75020BC15F2009625F1 /* JJCCMBRequestManager.m in Sources */ = {isa = PBXBuildFile; fileRef = 2021E74820BC15F2009625F1 /* JJCCMBRequestManager.m */; };
		2021E75120BC15F2009625F1 /* JJCCMBManager.m in Sources */ = {isa = PBXBuildFile; fileRef = 2021E74920BC15F2009625F1 /* JJCCMBManager.m */; };
		2023AF2020AA7F9B00A5CD87 /* JJCBaseThirdPlatformResponseManager.m in Sources */ = {isa = PBXBuildFile; fileRef = 2023AF1F20AA7F9B00A5CD87 /* JJCBaseThirdPlatformResponseManager.m */; };
		2023AF3020AADB8A00A5CD87 /* JJCWeiboManager.m in Sources */ = {isa = PBXBuildFile; fileRef = 2023AF2F20AADB8A00A5CD87 /* JJCWeiboManager.m */; };
		2023AF3320AADD8C00A5CD87 /* JJCBaseThirdPlatformRequestManager.m in Sources */ = {isa = PBXBuildFile; fileRef = 2023AF3220AADD8C00A5CD87 /* JJCBaseThirdPlatformRequestManager.m */; };
		2023AF3620AADDDE00A5CD87 /* JJCWeiboRequestManager.m in Sources */ = {isa = PBXBuildFile; fileRef = 2023AF3520AADDDE00A5CD87 /* JJCWeiboRequestManager.m */; };
		2023AF3920AADDFA00A5CD87 /* JJCWeiboResponseManager.m in Sources */ = {isa = PBXBuildFile; fileRef = 2023AF3820AADDFA00A5CD87 /* JJCWeiboResponseManager.m */; };
		2023AF4120AAEC4B00A5CD87 /* JJCThirdPlatformManager.m in Sources */ = {isa = PBXBuildFile; fileRef = 2023AF4020AAEC4B00A5CD87 /* JJCThirdPlatformManager.m */; };
		20A0CBB520B3C1540043B5AF /* NSData+json.m in Sources */ = {isa = PBXBuildFile; fileRef = 20A0CBB420B3C1540043B5AF /* NSData+json.m */; };
		20A0CBB820B3C25F0043B5AF /* NetworkRequestHelper.m in Sources */ = {isa = PBXBuildFile; fileRef = 20A0CBB720B3C25F0043B5AF /* NetworkRequestHelper.m */; };
		20A0CBBB20B3F4B60043B5AF /* UIImage+scale.m in Sources */ = {isa = PBXBuildFile; fileRef = 20A0CBBA20B3F4B60043B5AF /* UIImage+scale.m */; };
		20A0CBD120B429790043B5AF /* JJCAlipayResponseManager.m in Sources */ = {isa = PBXBuildFile; fileRef = 20A0CBBE20B429780043B5AF /* JJCAlipayResponseManager.m */; };
		20A0CBD220B429790043B5AF /* JJCAlipayRequestManager.m in Sources */ = {isa = PBXBuildFile; fileRef = 20A0CBC020B429780043B5AF /* JJCAlipayRequestManager.m */; };
		20A0CBD320B429790043B5AF /* JJCAlipayManager.m in Sources */ = {isa = PBXBuildFile; fileRef = 20A0CBC120B429780043B5AF /* JJCAlipayManager.m */; };
		20A0CBD420B429790043B5AF /* JJCWechatRequestManager.m in Sources */ = {isa = PBXBuildFile; fileRef = 20A0CBC520B429790043B5AF /* JJCWechatRequestManager.m */; };
		20A0CBD520B429790043B5AF /* JJCWechatResponseManager.m in Sources */ = {isa = PBXBuildFile; fileRef = 20A0CBC620B429790043B5AF /* JJCWechatResponseManager.m */; };
		20A0CBD620B429790043B5AF /* JJCWechatManager.m in Sources */ = {isa = PBXBuildFile; fileRef = 20A0CBC720B429790043B5AF /* JJCWechatManager.m */; };
		20A0CBD720B429790043B5AF /* JJCTencentRequestManager.m in Sources */ = {isa = PBXBuildFile; fileRef = 20A0CBCC20B429790043B5AF /* JJCTencentRequestManager.m */; };
		20A0CBD820B429790043B5AF /* JJCTencentResponseManager.m in Sources */ = {isa = PBXBuildFile; fileRef = 20A0CBCF20B429790043B5AF /* JJCTencentResponseManager.m */; };
		20A0CBD920B429790043B5AF /* JJCTencentManager.m in Sources */ = {isa = PBXBuildFile; fileRef = 20A0CBD020B429790043B5AF /* JJCTencentManager.m */; };
		20A0CBDB20B5394B0043B5AF /* SystemConfiguration.framework in Frameworks */ = {isa = PBXBuildFile; fileRef = 20A0CBDA20B5394A0043B5AF /* SystemConfiguration.framework */; };
		20A0CBDD20B53BDD0043B5AF /* TencentOpenAPI.framework in Frameworks */ = {isa = PBXBuildFile; fileRef = 20A0CBDC20B53BDD0043B5AF /* TencentOpenAPI.framework */; };
		20A0CBE120B55B3A0043B5AF /* QQWalletSDK.m in Sources */ = {isa = PBXBuildFile; fileRef = 20A0CBDF20B55B390043B5AF /* QQWalletSDK.m */; };
		20A35B1A20A979BE00C99247 /* AppDelegate.m in Sources */ = {isa = PBXBuildFile; fileRef = 20A35B1920A979BE00C99247 /* AppDelegate.m */; };
		20A35B1D20A979BE00C99247 /* ViewController.m in Sources */ = {isa = PBXBuildFile; fileRef = 20A35B1C20A979BE00C99247 /* ViewController.m */; };
		20A35B2020A979BE00C99247 /* Main.storyboard in Resources */ = {isa = PBXBuildFile; fileRef = 20A35B1E20A979BE00C99247 /* Main.storyboard */; };
		20A35B2220A979BE00C99247 /* Assets.xcassets in Resources */ = {isa = PBXBuildFile; fileRef = 20A35B2120A979BE00C99247 /* Assets.xcassets */; };
		20A35B2520A979BE00C99247 /* LaunchScreen.storyboard in Resources */ = {isa = PBXBuildFile; fileRef = 20A35B2320A979BE00C99247 /* LaunchScreen.storyboard */; };
		20A35B2820A979BE00C99247 /* main.m in Sources */ = {isa = PBXBuildFile; fileRef = 20A35B2720A979BE00C99247 /* main.m */; };
		20A35B3120A97C6300C99247 /* JJCBaseThirdPlatformManager.m in Sources */ = {isa = PBXBuildFile; fileRef = 20A35B3020A97C6300C99247 /* JJCBaseThirdPlatformManager.m */; };
		20A35B3520A97EDB00C99247 /* JJCThirdPlatformModel.m in Sources */ = {isa = PBXBuildFile; fileRef = 20A35B3420A97EDB00C99247 /* JJCThirdPlatformModel.m */; };
		20BD4E6F20C8FD4000719704 /* CoreMotion.framework in Frameworks */ = {isa = PBXBuildFile; fileRef = 20BD4E6E20C8FD4000719704 /* CoreMotion.framework */; };
		DC236DCF668C502A0A7B9F8D /* Pods_JJCThirdPlatformKit.framework in Frameworks */ = {isa = PBXBuildFile; fileRef = 7BFECC20D05BD5CBD358CD56 /* Pods_JJCThirdPlatformKit.framework */; };
/* End PBXBuildFile section */

/* Begin PBXFileReference section */
		2021E6BC20BC03EE009625F1 /* AlipaySDK.bundle */ = {isa = PBXFileReference; lastKnownFileType = "wrapper.plug-in"; path = AlipaySDK.bundle; sourceTree = "<group>"; };
		2021E72620BC03EF009625F1 /* AlipaySDK.framework */ = {isa = PBXFileReference; lastKnownFileType = wrapper.framework; path = AlipaySDK.framework; sourceTree = "<group>"; };
		2021E73F20BC15F2009625F1 /* CMBWKWebViewController.h */ = {isa = PBXFileReference; fileEncoding = 4; lastKnownFileType = sourcecode.c.h; path = CMBWKWebViewController.h; sourceTree = "<group>"; };
		2021E74020BC15F2009625F1 /* cmbkeyboard.framework */ = {isa = PBXFileReference; lastKnownFileType = wrapper.framework; path = cmbkeyboard.framework; sourceTree = "<group>"; };
		2021E74120BC15F2009625F1 /* CMBUIWebViewController.m */ = {isa = PBXFileReference; fileEncoding = 4; lastKnownFileType = sourcecode.c.objc; path = CMBUIWebViewController.m; sourceTree = "<group>"; };
		2021E74220BC15F2009625F1 /* CMBWKWebViewController.m */ = {isa = PBXFileReference; fileEncoding = 4; lastKnownFileType = sourcecode.c.objc; path = CMBWKWebViewController.m; sourceTree = "<group>"; };
		2021E74320BC15F2009625F1 /* CMBUIWebViewController.h */ = {isa = PBXFileReference; fileEncoding = 4; lastKnownFileType = sourcecode.c.h; path = CMBUIWebViewController.h; sourceTree = "<group>"; };
		2021E74420BC15F2009625F1 /* CMBJSPOST.html */ = {isa = PBXFileReference; fileEncoding = 4; lastKnownFileType = text.html; path = CMBJSPOST.html; sourceTree = "<group>"; };
		2021E74520BC15F2009625F1 /* JJCCMBRequestManager.h */ = {isa = PBXFileReference; fileEncoding = 4; lastKnownFileType = sourcecode.c.h; path = JJCCMBRequestManager.h; sourceTree = "<group>"; };
		2021E74620BC15F2009625F1 /* JJCCMBResponseManager.m */ = {isa = PBXFileReference; fileEncoding = 4; lastKnownFileType = sourcecode.c.objc; path = JJCCMBResponseManager.m; sourceTree = "<group>"; };
		2021E74720BC15F2009625F1 /* JJCCMBManager.h */ = {isa = PBXFileReference; fileEncoding = 4; lastKnownFileType = sourcecode.c.h; path = JJCCMBManager.h; sourceTree = "<group>"; };
		2021E74820BC15F2009625F1 /* JJCCMBRequestManager.m */ = {isa = PBXFileReference; fileEncoding = 4; lastKnownFileType = sourcecode.c.objc; path = JJCCMBRequestManager.m; sourceTree = "<group>"; };
		2021E74920BC15F2009625F1 /* JJCCMBManager.m */ = {isa = PBXFileReference; fileEncoding = 4; lastKnownFileType = sourcecode.c.objc; path = JJCCMBManager.m; sourceTree = "<group>"; };
		2021E74A20BC15F2009625F1 /* JJCCMBResponseManager.h */ = {isa = PBXFileReference; fileEncoding = 4; lastKnownFileType = sourcecode.c.h; path = JJCCMBResponseManager.h; sourceTree = "<group>"; };
		2023AF1E20AA7F9B00A5CD87 /* JJCBaseThirdPlatformResponseManager.h */ = {isa = PBXFileReference; lastKnownFileType = sourcecode.c.h; path = JJCBaseThirdPlatformResponseManager.h; sourceTree = "<group>"; };
		2023AF1F20AA7F9B00A5CD87 /* JJCBaseThirdPlatformResponseManager.m */ = {isa = PBXFileReference; lastKnownFileType = sourcecode.c.objc; path = JJCBaseThirdPlatformResponseManager.m; sourceTree = "<group>"; };
		2023AF2120AA7FF600A5CD87 /* JJCThirdPlatformDefine.h */ = {isa = PBXFileReference; fileEncoding = 4; lastKnownFileType = sourcecode.c.h; name = JJCThirdPlatformDefine.h; path = BaseManager/JJCThirdPlatformDefine.h; sourceTree = SOURCE_ROOT; };
		2023AF2720AA8BBA00A5CD87 /* JJCThirdPlatformHandler.h */ = {isa = PBXFileReference; lastKnownFileType = sourcecode.c.h; path = JJCThirdPlatformHandler.h; sourceTree = "<group>"; };
		2023AF2820AAA85F00A5CD87 /* JJCThirdPlatformRequestHandler.h */ = {isa = PBXFileReference; lastKnownFileType = sourcecode.c.h; path = JJCThirdPlatformRequestHandler.h; sourceTree = "<group>"; };
		2023AF2920AAA8C300A5CD87 /* JJCThirdPlatformResponseHandler.h */ = {isa = PBXFileReference; lastKnownFileType = sourcecode.c.h; path = JJCThirdPlatformResponseHandler.h; sourceTree = "<group>"; };
		2023AF2A20AAADC300A5CD87 /* JJCThirdPlatformConfigure.h */ = {isa = PBXFileReference; lastKnownFileType = sourcecode.c.h; path = JJCThirdPlatformConfigure.h; sourceTree = "<group>"; };
		2023AF2E20AADB8A00A5CD87 /* JJCWeiboManager.h */ = {isa = PBXFileReference; lastKnownFileType = sourcecode.c.h; path = JJCWeiboManager.h; sourceTree = "<group>"; };
		2023AF2F20AADB8A00A5CD87 /* JJCWeiboManager.m */ = {isa = PBXFileReference; lastKnownFileType = sourcecode.c.objc; path = JJCWeiboManager.m; sourceTree = "<group>"; };
		2023AF3120AADD8C00A5CD87 /* JJCBaseThirdPlatformRequestManager.h */ = {isa = PBXFileReference; lastKnownFileType = sourcecode.c.h; path = JJCBaseThirdPlatformRequestManager.h; sourceTree = "<group>"; };
		2023AF3220AADD8C00A5CD87 /* JJCBaseThirdPlatformRequestManager.m */ = {isa = PBXFileReference; lastKnownFileType = sourcecode.c.objc; path = JJCBaseThirdPlatformRequestManager.m; sourceTree = "<group>"; };
		2023AF3420AADDDE00A5CD87 /* JJCWeiboRequestManager.h */ = {isa = PBXFileReference; lastKnownFileType = sourcecode.c.h; path = JJCWeiboRequestManager.h; sourceTree = "<group>"; };
		2023AF3520AADDDE00A5CD87 /* JJCWeiboRequestManager.m */ = {isa = PBXFileReference; lastKnownFileType = sourcecode.c.objc; path = JJCWeiboRequestManager.m; sourceTree = "<group>"; };
		2023AF3720AADDFA00A5CD87 /* JJCWeiboResponseManager.h */ = {isa = PBXFileReference; lastKnownFileType = sourcecode.c.h; path = JJCWeiboResponseManager.h; sourceTree = "<group>"; };
		2023AF3820AADDFA00A5CD87 /* JJCWeiboResponseManager.m */ = {isa = PBXFileReference; lastKnownFileType = sourcecode.c.objc; path = JJCWeiboResponseManager.m; sourceTree = "<group>"; };
		2023AF3F20AAEC4B00A5CD87 /* JJCThirdPlatformManager.h */ = {isa = PBXFileReference; lastKnownFileType = sourcecode.c.h; path = JJCThirdPlatformManager.h; sourceTree = "<group>"; };
		2023AF4020AAEC4B00A5CD87 /* JJCThirdPlatformManager.m */ = {isa = PBXFileReference; lastKnownFileType = sourcecode.c.objc; path = JJCThirdPlatformManager.m; sourceTree = "<group>"; };
		20A0CBB320B3C1540043B5AF /* NSData+json.h */ = {isa = PBXFileReference; lastKnownFileType = sourcecode.c.h; path = "NSData+json.h"; sourceTree = "<group>"; };
		20A0CBB420B3C1540043B5AF /* NSData+json.m */ = {isa = PBXFileReference; lastKnownFileType = sourcecode.c.objc; path = "NSData+json.m"; sourceTree = "<group>"; };
		20A0CBB620B3C25F0043B5AF /* NetworkRequestHelper.h */ = {isa = PBXFileReference; lastKnownFileType = sourcecode.c.h; path = NetworkRequestHelper.h; sourceTree = "<group>"; };
		20A0CBB720B3C25F0043B5AF /* NetworkRequestHelper.m */ = {isa = PBXFileReference; lastKnownFileType = sourcecode.c.objc; path = NetworkRequestHelper.m; sourceTree = "<group>"; };
		20A0CBB920B3F4B60043B5AF /* UIImage+scale.h */ = {isa = PBXFileReference; lastKnownFileType = sourcecode.c.h; path = "UIImage+scale.h"; sourceTree = "<group>"; };
		20A0CBBA20B3F4B60043B5AF /* UIImage+scale.m */ = {isa = PBXFileReference; lastKnownFileType = sourcecode.c.objc; path = "UIImage+scale.m"; sourceTree = "<group>"; };
		20A0CBBD20B429780043B5AF /* JJCAlipayRequestManager.h */ = {isa = PBXFileReference; fileEncoding = 4; lastKnownFileType = sourcecode.c.h; path = JJCAlipayRequestManager.h; sourceTree = "<group>"; };
		20A0CBBE20B429780043B5AF /* JJCAlipayResponseManager.m */ = {isa = PBXFileReference; fileEncoding = 4; lastKnownFileType = sourcecode.c.objc; path = JJCAlipayResponseManager.m; sourceTree = "<group>"; };
		20A0CBBF20B429780043B5AF /* JJCAlipayManager.h */ = {isa = PBXFileReference; fileEncoding = 4; lastKnownFileType = sourcecode.c.h; path = JJCAlipayManager.h; sourceTree = "<group>"; };
		20A0CBC020B429780043B5AF /* JJCAlipayRequestManager.m */ = {isa = PBXFileReference; fileEncoding = 4; lastKnownFileType = sourcecode.c.objc; path = JJCAlipayRequestManager.m; sourceTree = "<group>"; };
		20A0CBC120B429780043B5AF /* JJCAlipayManager.m */ = {isa = PBXFileReference; fileEncoding = 4; lastKnownFileType = sourcecode.c.objc; path = JJCAlipayManager.m; sourceTree = "<group>"; };
		20A0CBC220B429780043B5AF /* JJCAlipayResponseManager.h */ = {isa = PBXFileReference; fileEncoding = 4; lastKnownFileType = sourcecode.c.h; path = JJCAlipayResponseManager.h; sourceTree = "<group>"; };
		20A0CBC420B429790043B5AF /* JJCWechatManager.h */ = {isa = PBXFileReference; fileEncoding = 4; lastKnownFileType = sourcecode.c.h; path = JJCWechatManager.h; sourceTree = "<group>"; };
		20A0CBC520B429790043B5AF /* JJCWechatRequestManager.m */ = {isa = PBXFileReference; fileEncoding = 4; lastKnownFileType = sourcecode.c.objc; path = JJCWechatRequestManager.m; sourceTree = "<group>"; };
		20A0CBC620B429790043B5AF /* JJCWechatResponseManager.m */ = {isa = PBXFileReference; fileEncoding = 4; lastKnownFileType = sourcecode.c.objc; path = JJCWechatResponseManager.m; sourceTree = "<group>"; };
		20A0CBC720B429790043B5AF /* JJCWechatManager.m */ = {isa = PBXFileReference; fileEncoding = 4; lastKnownFileType = sourcecode.c.objc; path = JJCWechatManager.m; sourceTree = "<group>"; };
		20A0CBC820B429790043B5AF /* JJCWechatResponseManager.h */ = {isa = PBXFileReference; fileEncoding = 4; lastKnownFileType = sourcecode.c.h; path = JJCWechatResponseManager.h; sourceTree = "<group>"; };
		20A0CBC920B429790043B5AF /* JJCWechatRequestManager.h */ = {isa = PBXFileReference; fileEncoding = 4; lastKnownFileType = sourcecode.c.h; path = JJCWechatRequestManager.h; sourceTree = "<group>"; };
		20A0CBCB20B429790043B5AF /* JJCTencentResponseManager.h */ = {isa = PBXFileReference; fileEncoding = 4; lastKnownFileType = sourcecode.c.h; path = JJCTencentResponseManager.h; sourceTree = "<group>"; };
		20A0CBCC20B429790043B5AF /* JJCTencentRequestManager.m */ = {isa = PBXFileReference; fileEncoding = 4; lastKnownFileType = sourcecode.c.objc; path = JJCTencentRequestManager.m; sourceTree = "<group>"; };
		20A0CBCD20B429790043B5AF /* JJCTencentManager.h */ = {isa = PBXFileReference; fileEncoding = 4; lastKnownFileType = sourcecode.c.h; path = JJCTencentManager.h; sourceTree = "<group>"; };
		20A0CBCE20B429790043B5AF /* JJCTencentRequestManager.h */ = {isa = PBXFileReference; fileEncoding = 4; lastKnownFileType = sourcecode.c.h; path = JJCTencentRequestManager.h; sourceTree = "<group>"; };
		20A0CBCF20B429790043B5AF /* JJCTencentResponseManager.m */ = {isa = PBXFileReference; fileEncoding = 4; lastKnownFileType = sourcecode.c.objc; path = JJCTencentResponseManager.m; sourceTree = "<group>"; };
		20A0CBD020B429790043B5AF /* JJCTencentManager.m */ = {isa = PBXFileReference; fileEncoding = 4; lastKnownFileType = sourcecode.c.objc; path = JJCTencentManager.m; sourceTree = "<group>"; };
		20A0CBDA20B5394A0043B5AF /* SystemConfiguration.framework */ = {isa = PBXFileReference; lastKnownFileType = wrapper.framework; name = SystemConfiguration.framework; path = System/Library/Frameworks/SystemConfiguration.framework; sourceTree = SDKROOT; };
		20A0CBDC20B53BDD0043B5AF /* TencentOpenAPI.framework */ = {isa = PBXFileReference; lastKnownFileType = wrapper.framework; name = TencentOpenAPI.framework; path = TencentManager/TencentOpenSDK/TencentOpenAPI.framework; sourceTree = "<group>"; };
		20A0CBDF20B55B390043B5AF /* QQWalletSDK.m */ = {isa = PBXFileReference; fileEncoding = 4; lastKnownFileType = sourcecode.c.objc; path = QQWalletSDK.m; sourceTree = "<group>"; };
		20A0CBE020B55B390043B5AF /* QQWalletSDK.h */ = {isa = PBXFileReference; fileEncoding = 4; lastKnownFileType = sourcecode.c.h; path = QQWalletSDK.h; sourceTree = "<group>"; };
		20A35B1520A979BE00C99247 /* JJCThirdPlatformKit.app */ = {isa = PBXFileReference; explicitFileType = wrapper.application; includeInIndex = 0; path = JJCThirdPlatformKit.app; sourceTree = BUILT_PRODUCTS_DIR; };
		20A35B1820A979BE00C99247 /* AppDelegate.h */ = {isa = PBXFileReference; lastKnownFileType = sourcecode.c.h; path = AppDelegate.h; sourceTree = "<group>"; };
		20A35B1920A979BE00C99247 /* AppDelegate.m */ = {isa = PBXFileReference; lastKnownFileType = sourcecode.c.objc; path = AppDelegate.m; sourceTree = "<group>"; };
		20A35B1B20A979BE00C99247 /* ViewController.h */ = {isa = PBXFileReference; lastKnownFileType = sourcecode.c.h; path = ViewController.h; sourceTree = "<group>"; };
		20A35B1C20A979BE00C99247 /* ViewController.m */ = {isa = PBXFileReference; lastKnownFileType = sourcecode.c.objc; path = ViewController.m; sourceTree = "<group>"; };
		20A35B1F20A979BE00C99247 /* Base */ = {isa = PBXFileReference; lastKnownFileType = file.storyboard; name = Base; path = Base.lproj/Main.storyboard; sourceTree = "<group>"; };
		20A35B2120A979BE00C99247 /* Assets.xcassets */ = {isa = PBXFileReference; lastKnownFileType = folder.assetcatalog; path = Assets.xcassets; sourceTree = "<group>"; };
		20A35B2420A979BE00C99247 /* Base */ = {isa = PBXFileReference; lastKnownFileType = file.storyboard; name = Base; path = Base.lproj/LaunchScreen.storyboard; sourceTree = "<group>"; };
		20A35B2620A979BE00C99247 /* Info.plist */ = {isa = PBXFileReference; lastKnownFileType = text.plist.xml; path = Info.plist; sourceTree = "<group>"; };
		20A35B2720A979BE00C99247 /* main.m */ = {isa = PBXFileReference; lastKnownFileType = sourcecode.c.objc; path = main.m; sourceTree = "<group>"; };
		20A35B2F20A97C6300C99247 /* JJCBaseThirdPlatformManager.h */ = {isa = PBXFileReference; lastKnownFileType = sourcecode.c.h; path = JJCBaseThirdPlatformManager.h; sourceTree = "<group>"; };
		20A35B3020A97C6300C99247 /* JJCBaseThirdPlatformManager.m */ = {isa = PBXFileReference; lastKnownFileType = sourcecode.c.objc; path = JJCBaseThirdPlatformManager.m; sourceTree = "<group>"; };
		20A35B3320A97EDB00C99247 /* JJCThirdPlatformModel.h */ = {isa = PBXFileReference; lastKnownFileType = sourcecode.c.h; path = JJCThirdPlatformModel.h; sourceTree = "<group>"; };
		20A35B3420A97EDB00C99247 /* JJCThirdPlatformModel.m */ = {isa = PBXFileReference; lastKnownFileType = sourcecode.c.objc; path = JJCThirdPlatformModel.m; sourceTree = "<group>"; };
		20BD4E6E20C8FD4000719704 /* CoreMotion.framework */ = {isa = PBXFileReference; lastKnownFileType = wrapper.framework; name = CoreMotion.framework; path = System/Library/Frameworks/CoreMotion.framework; sourceTree = SDKROOT; };
		3727F165370EA913A55DF9CB /* Pods-JJCThirdPlatformKit.release.xcconfig */ = {isa = PBXFileReference; includeInIndex = 1; lastKnownFileType = text.xcconfig; name = "Pods-JJCThirdPlatformKit.release.xcconfig"; path = "Pods/Target Support Files/Pods-JJCThirdPlatformKit/Pods-JJCThirdPlatformKit.release.xcconfig"; sourceTree = "<group>"; };
		7BFECC20D05BD5CBD358CD56 /* Pods_JJCThirdPlatformKit.framework */ = {isa = PBXFileReference; explicitFileType = wrapper.framework; includeInIndex = 0; path = Pods_JJCThirdPlatformKit.framework; sourceTree = BUILT_PRODUCTS_DIR; };
		C486E4C3554AD73919377BD5 /* Pods-JJCThirdPlatformKit.debug.xcconfig */ = {isa = PBXFileReference; includeInIndex = 1; lastKnownFileType = text.xcconfig; name = "Pods-JJCThirdPlatformKit.debug.xcconfig"; path = "Pods/Target Support Files/Pods-JJCThirdPlatformKit/Pods-JJCThirdPlatformKit.debug.xcconfig"; sourceTree = "<group>"; };
/* End PBXFileReference section */

/* Begin PBXFrameworksBuildPhase section */
		20A35B1220A979BE00C99247 /* Frameworks */ = {
			isa = PBXFrameworksBuildPhase;
			buildActionMask = 2147483647;
			files = (
				20BD4E6F20C8FD4000719704 /* CoreMotion.framework in Frameworks */,
				20A0CBDD20B53BDD0043B5AF /* TencentOpenAPI.framework in Frameworks */,
				20A0CBDB20B5394B0043B5AF /* SystemConfiguration.framework in Frameworks */,
				2021E74B20BC15F2009625F1 /* cmbkeyboard.framework in Frameworks */,
				DC236DCF668C502A0A7B9F8D /* Pods_JJCThirdPlatformKit.framework in Frameworks */,
				2021E73920BC03EF009625F1 /* AlipaySDK.framework in Frameworks */,
			);
			runOnlyForDeploymentPostprocessing = 0;
		};
/* End PBXFrameworksBuildPhase section */

/* Begin PBXGroup section */
		2021E6BB20BC03EE009625F1 /* AlipaySDK */ = {
			isa = PBXGroup;
			children = (
				2021E6BC20BC03EE009625F1 /* AlipaySDK.bundle */,
				2021E72620BC03EF009625F1 /* AlipaySDK.framework */,
			);
			path = AlipaySDK;
			sourceTree = "<group>";
		};
		2021E73D20BC15F2009625F1 /* CMBManager */ = {
			isa = PBXGroup;
			children = (
				2021E73E20BC15F2009625F1 /* CMBSDK */,
				2021E74720BC15F2009625F1 /* JJCCMBManager.h */,
				2021E74920BC15F2009625F1 /* JJCCMBManager.m */,
				2021E74520BC15F2009625F1 /* JJCCMBRequestManager.h */,
				2021E74820BC15F2009625F1 /* JJCCMBRequestManager.m */,
				2021E74A20BC15F2009625F1 /* JJCCMBResponseManager.h */,
				2021E74620BC15F2009625F1 /* JJCCMBResponseManager.m */,
			);
			path = CMBManager;
			sourceTree = "<group>";
		};
		2021E73E20BC15F2009625F1 /* CMBSDK */ = {
			isa = PBXGroup;
			children = (
				2021E74020BC15F2009625F1 /* cmbkeyboard.framework */,
				2021E74320BC15F2009625F1 /* CMBUIWebViewController.h */,
				2021E74120BC15F2009625F1 /* CMBUIWebViewController.m */,
				2021E73F20BC15F2009625F1 /* CMBWKWebViewController.h */,
				2021E74220BC15F2009625F1 /* CMBWKWebViewController.m */,
				2021E74420BC15F2009625F1 /* CMBJSPOST.html */,
			);
			path = CMBSDK;
			sourceTree = "<group>";
		};
		2023AF2320AA8B4B00A5CD87 /* Interface */ = {
			isa = PBXGroup;
			children = (
				2023AF2720AA8BBA00A5CD87 /* JJCThirdPlatformHandler.h */,
				2023AF2820AAA85F00A5CD87 /* JJCThirdPlatformRequestHandler.h */,
				2023AF2920AAA8C300A5CD87 /* JJCThirdPlatformResponseHandler.h */,
				2023AF2A20AAADC300A5CD87 /* JJCThirdPlatformConfigure.h */,
			);
			path = Interface;
			sourceTree = "<group>";
		};
		2023AF2D20AAD8B700A5CD87 /* WeiboManager */ = {
			isa = PBXGroup;
			children = (
				2023AF2E20AADB8A00A5CD87 /* JJCWeiboManager.h */,
				2023AF2F20AADB8A00A5CD87 /* JJCWeiboManager.m */,
				2023AF3420AADDDE00A5CD87 /* JJCWeiboRequestManager.h */,
				2023AF3520AADDDE00A5CD87 /* JJCWeiboRequestManager.m */,
				2023AF3720AADDFA00A5CD87 /* JJCWeiboResponseManager.h */,
				2023AF3820AADDFA00A5CD87 /* JJCWeiboResponseManager.m */,
			);
			path = WeiboManager;
			sourceTree = "<group>";
		};
		2023AF3B20AAE3D100A5CD87 /* Implementation */ = {
			isa = PBXGroup;
			children = (
				20A35B2F20A97C6300C99247 /* JJCBaseThirdPlatformManager.h */,
				20A35B3020A97C6300C99247 /* JJCBaseThirdPlatformManager.m */,
				2023AF3120AADD8C00A5CD87 /* JJCBaseThirdPlatformRequestManager.h */,
				2023AF3220AADD8C00A5CD87 /* JJCBaseThirdPlatformRequestManager.m */,
				2023AF1E20AA7F9B00A5CD87 /* JJCBaseThirdPlatformResponseManager.h */,
				2023AF1F20AA7F9B00A5CD87 /* JJCBaseThirdPlatformResponseManager.m */,
			);
			path = Implementation;
			sourceTree = "<group>";
		};
		20A0CBB220B3C1390043B5AF /* Util */ = {
			isa = PBXGroup;
			children = (
				20A0CBB320B3C1540043B5AF /* NSData+json.h */,
				20A0CBB420B3C1540043B5AF /* NSData+json.m */,
				20A0CBB620B3C25F0043B5AF /* NetworkRequestHelper.h */,
				20A0CBB720B3C25F0043B5AF /* NetworkRequestHelper.m */,
				20A0CBB920B3F4B60043B5AF /* UIImage+scale.h */,
				20A0CBBA20B3F4B60043B5AF /* UIImage+scale.m */,
			);
			path = Util;
			sourceTree = "<group>";
		};
		20A0CBBC20B429780043B5AF /* AlipayManager */ = {
			isa = PBXGroup;
			children = (
				2021E6BB20BC03EE009625F1 /* AlipaySDK */,
				20A0CBBF20B429780043B5AF /* JJCAlipayManager.h */,
				20A0CBC120B429780043B5AF /* JJCAlipayManager.m */,
				20A0CBBD20B429780043B5AF /* JJCAlipayRequestManager.h */,
				20A0CBC020B429780043B5AF /* JJCAlipayRequestManager.m */,
				20A0CBC220B429780043B5AF /* JJCAlipayResponseManager.h */,
				20A0CBBE20B429780043B5AF /* JJCAlipayResponseManager.m */,
			);
			path = AlipayManager;
			sourceTree = "<group>";
		};
		20A0CBC320B429790043B5AF /* WechatManager */ = {
			isa = PBXGroup;
			children = (
				20A0CBC420B429790043B5AF /* JJCWechatManager.h */,
				20A0CBC720B429790043B5AF /* JJCWechatManager.m */,
				20A0CBC920B429790043B5AF /* JJCWechatRequestManager.h */,
				20A0CBC520B429790043B5AF /* JJCWechatRequestManager.m */,
				20A0CBC820B429790043B5AF /* JJCWechatResponseManager.h */,
				20A0CBC620B429790043B5AF /* JJCWechatResponseManager.m */,
			);
			path = WechatManager;
			sourceTree = "<group>";
		};
		20A0CBCA20B429790043B5AF /* TencentManager */ = {
			isa = PBXGroup;
			children = (
				20A0CBDE20B55B390043B5AF /* QQWalletSDK */,
				20A0CBCD20B429790043B5AF /* JJCTencentManager.h */,
				20A0CBD020B429790043B5AF /* JJCTencentManager.m */,
				20A0CBCE20B429790043B5AF /* JJCTencentRequestManager.h */,
				20A0CBCC20B429790043B5AF /* JJCTencentRequestManager.m */,
				20A0CBCB20B429790043B5AF /* JJCTencentResponseManager.h */,
				20A0CBCF20B429790043B5AF /* JJCTencentResponseManager.m */,
			);
			path = TencentManager;
			sourceTree = "<group>";
		};
		20A0CBDE20B55B390043B5AF /* QQWalletSDK */ = {
			isa = PBXGroup;
			children = (
				20A0CBDF20B55B390043B5AF /* QQWalletSDK.m */,
				20A0CBE020B55B390043B5AF /* QQWalletSDK.h */,
			);
			path = QQWalletSDK;
			sourceTree = "<group>";
		};
		20A35B0C20A979BE00C99247 = {
			isa = PBXGroup;
			children = (
				2021E73D20BC15F2009625F1 /* CMBManager */,
				20A0CBBC20B429780043B5AF /* AlipayManager */,
				20A0CBCA20B429790043B5AF /* TencentManager */,
				20A0CBC320B429790043B5AF /* WechatManager */,
				2023AF2D20AAD8B700A5CD87 /* WeiboManager */,
				20A35B2E20A97BC600C99247 /* BaseManager */,
				20A35B1720A979BE00C99247 /* JJCThirdPlatformKit */,
				20A35B1620A979BE00C99247 /* Products */,
				E39267141737D9D667E27F08 /* Pods */,
				33959A2F90E3535A9D507A17 /* Frameworks */,
			);
			sourceTree = "<group>";
		};
		20A35B1620A979BE00C99247 /* Products */ = {
			isa = PBXGroup;
			children = (
				20A35B1520A979BE00C99247 /* JJCThirdPlatformKit.app */,
			);
			name = Products;
			sourceTree = "<group>";
		};
		20A35B1720A979BE00C99247 /* JJCThirdPlatformKit */ = {
			isa = PBXGroup;
			children = (
				20A35B1820A979BE00C99247 /* AppDelegate.h */,
				20A35B1920A979BE00C99247 /* AppDelegate.m */,
				20A35B1B20A979BE00C99247 /* ViewController.h */,
				20A35B1C20A979BE00C99247 /* ViewController.m */,
				20A35B1E20A979BE00C99247 /* Main.storyboard */,
				20A35B2120A979BE00C99247 /* Assets.xcassets */,
				20A35B2320A979BE00C99247 /* LaunchScreen.storyboard */,
				20A35B2620A979BE00C99247 /* Info.plist */,
				20A35B2720A979BE00C99247 /* main.m */,
			);
			path = JJCThirdPlatformKit;
			sourceTree = "<group>";
		};
		20A35B2E20A97BC600C99247 /* BaseManager */ = {
			isa = PBXGroup;
			children = (
				20A0CBB220B3C1390043B5AF /* Util */,
				2023AF2120AA7FF600A5CD87 /* JJCThirdPlatformDefine.h */,
				2023AF3F20AAEC4B00A5CD87 /* JJCThirdPlatformManager.h */,
				2023AF4020AAEC4B00A5CD87 /* JJCThirdPlatformManager.m */,
				20A35B3220A97EB500C99247 /* Model */,
				2023AF2320AA8B4B00A5CD87 /* Interface */,
				2023AF3B20AAE3D100A5CD87 /* Implementation */,
			);
			path = BaseManager;
			sourceTree = "<group>";
		};
		20A35B3220A97EB500C99247 /* Model */ = {
			isa = PBXGroup;
			children = (
				20A35B3320A97EDB00C99247 /* JJCThirdPlatformModel.h */,
				20A35B3420A97EDB00C99247 /* JJCThirdPlatformModel.m */,
			);
			path = Model;
			sourceTree = "<group>";
		};
		33959A2F90E3535A9D507A17 /* Frameworks */ = {
			isa = PBXGroup;
			children = (
				20BD4E6E20C8FD4000719704 /* CoreMotion.framework */,
				20A0CBDC20B53BDD0043B5AF /* TencentOpenAPI.framework */,
				20A0CBDA20B5394A0043B5AF /* SystemConfiguration.framework */,
				7BFECC20D05BD5CBD358CD56 /* Pods_JJCThirdPlatformKit.framework */,
			);
			name = Frameworks;
			sourceTree = "<group>";
		};
		E39267141737D9D667E27F08 /* Pods */ = {
			isa = PBXGroup;
			children = (
				C486E4C3554AD73919377BD5 /* Pods-JJCThirdPlatformKit.debug.xcconfig */,
				3727F165370EA913A55DF9CB /* Pods-JJCThirdPlatformKit.release.xcconfig */,
			);
			name = Pods;
			sourceTree = "<group>";
		};
/* End PBXGroup section */

/* Begin PBXNativeTarget section */
		20A35B1420A979BE00C99247 /* JJCThirdPlatformKit */ = {
			isa = PBXNativeTarget;
			buildConfigurationList = 20A35B2B20A979BE00C99247 /* Build configuration list for PBXNativeTarget "JJCThirdPlatformKit" */;
			buildPhases = (
				872D0A2B4FDFC36245CF1989 /* [CP] Check Pods Manifest.lock */,
				20A35B1120A979BE00C99247 /* Sources */,
				20A35B1220A979BE00C99247 /* Frameworks */,
				20A35B1320A979BE00C99247 /* Resources */,
				87EFBD68FCD8D8C1781F1C52 /* [CP] Embed Pods Frameworks */,
				4C27485D36D5F7BD476F60D2 /* [CP] Copy Pods Resources */,
			);
			buildRules = (
			);
			dependencies = (
			);
			name = JJCThirdPlatformKit;
			productName = JJCThirdPlaformKit;
			productReference = 20A35B1520A979BE00C99247 /* JJCThirdPlatformKit.app */;
			productType = "com.apple.product-type.application";
		};
/* End PBXNativeTarget section */

/* Begin PBXProject section */
		20A35B0D20A979BE00C99247 /* Project object */ = {
			isa = PBXProject;
			attributes = {
				LastUpgradeCheck = 0920;
				ORGANIZATIONNAME = jjc;
				TargetAttributes = {
					20A35B1420A979BE00C99247 = {
						CreatedOnToolsVersion = 9.2;
						ProvisioningStyle = Automatic;
					};
				};
			};
			buildConfigurationList = 20A35B1020A979BE00C99247 /* Build configuration list for PBXProject "JJCThirdPlatformKit" */;
			compatibilityVersion = "Xcode 8.0";
			developmentRegion = en;
			hasScannedForEncodings = 0;
			knownRegions = (
				en,
				Base,
			);
			mainGroup = 20A35B0C20A979BE00C99247;
			productRefGroup = 20A35B1620A979BE00C99247 /* Products */;
			projectDirPath = "";
			projectRoot = "";
			targets = (
				20A35B1420A979BE00C99247 /* JJCThirdPlatformKit */,
			);
		};
/* End PBXProject section */

/* Begin PBXResourcesBuildPhase section */
		20A35B1320A979BE00C99247 /* Resources */ = {
			isa = PBXResourcesBuildPhase;
			buildActionMask = 2147483647;
			files = (
				20A35B2520A979BE00C99247 /* LaunchScreen.storyboard in Resources */,
				20A35B2220A979BE00C99247 /* Assets.xcassets in Resources */,
				2021E74E20BC15F2009625F1 /* CMBJSPOST.html in Resources */,
				2021E72A20BC03EF009625F1 /* AlipaySDK.bundle in Resources */,
				20A35B2020A979BE00C99247 /* Main.storyboard in Resources */,
			);
			runOnlyForDeploymentPostprocessing = 0;
		};
/* End PBXResourcesBuildPhase section */

/* Begin PBXShellScriptBuildPhase section */
		4C27485D36D5F7BD476F60D2 /* [CP] Copy Pods Resources */ = {
			isa = PBXShellScriptBuildPhase;
			buildActionMask = 2147483647;
			files = (
			);
			inputPaths = (
				"${SRCROOT}/Pods/Target Support Files/Pods-JJCThirdPlatformKit/Pods-JJCThirdPlatformKit-resources.sh",
				"${PODS_ROOT}/WeiboSDK/libWeiboSDK/WeiboSDK.bundle",
			);
			name = "[CP] Copy Pods Resources";
			outputPaths = (
				"${TARGET_BUILD_DIR}/${UNLOCALIZED_RESOURCES_FOLDER_PATH}/WeiboSDK.bundle",
			);
			runOnlyForDeploymentPostprocessing = 0;
			shellPath = /bin/sh;
			shellScript = "\"${SRCROOT}/Pods/Target Support Files/Pods-JJCThirdPlatformKit/Pods-JJCThirdPlatformKit-resources.sh\"\n";
			showEnvVarsInLog = 0;
		};
		872D0A2B4FDFC36245CF1989 /* [CP] Check Pods Manifest.lock */ = {
			isa = PBXShellScriptBuildPhase;
			buildActionMask = 2147483647;
			files = (
			);
			inputPaths = (
				"${PODS_PODFILE_DIR_PATH}/Podfile.lock",
				"${PODS_ROOT}/Manifest.lock",
			);
			name = "[CP] Check Pods Manifest.lock";
			outputPaths = (
				"$(DERIVED_FILE_DIR)/Pods-JJCThirdPlatformKit-checkManifestLockResult.txt",
			);
			runOnlyForDeploymentPostprocessing = 0;
			shellPath = /bin/sh;
			shellScript = "diff \"${PODS_PODFILE_DIR_PATH}/Podfile.lock\" \"${PODS_ROOT}/Manifest.lock\" > /dev/null\nif [ $? != 0 ] ; then\n    # print error to STDERR\n    echo \"error: The sandbox is not in sync with the Podfile.lock. Run 'pod install' or update your CocoaPods installation.\" >&2\n    exit 1\nfi\n# This output is used by Xcode 'outputs' to avoid re-running this script phase.\necho \"SUCCESS\" > \"${SCRIPT_OUTPUT_FILE_0}\"\n";
			showEnvVarsInLog = 0;
		};
		87EFBD68FCD8D8C1781F1C52 /* [CP] Embed Pods Frameworks */ = {
			isa = PBXShellScriptBuildPhase;
			buildActionMask = 2147483647;
			files = (
			);
			inputPaths = (
				"${SRCROOT}/Pods/Target Support Files/Pods-JJCThirdPlatformKit/Pods-JJCThirdPlatformKit-frameworks.sh",
				"${BUILT_PRODUCTS_DIR}/SDWebImage/SDWebImage.framework",
			);
			name = "[CP] Embed Pods Frameworks";
			outputPaths = (
				"${TARGET_BUILD_DIR}/${FRAMEWORKS_FOLDER_PATH}/SDWebImage.framework",
			);
			runOnlyForDeploymentPostprocessing = 0;
			shellPath = /bin/sh;
			shellScript = "\"${SRCROOT}/Pods/Target Support Files/Pods-JJCThirdPlatformKit/Pods-JJCThirdPlatformKit-frameworks.sh\"\n";
			showEnvVarsInLog = 0;
		};
/* End PBXShellScriptBuildPhase section */

/* Begin PBXSourcesBuildPhase section */
		20A35B1120A979BE00C99247 /* Sources */ = {
			isa = PBXSourcesBuildPhase;
			buildActionMask = 2147483647;
			files = (
				2021E74C20BC15F2009625F1 /* CMBUIWebViewController.m in Sources */,
				2023AF4120AAEC4B00A5CD87 /* JJCThirdPlatformManager.m in Sources */,
				20A35B3120A97C6300C99247 /* JJCBaseThirdPlatformManager.m in Sources */,
				2023AF3620AADDDE00A5CD87 /* JJCWeiboRequestManager.m in Sources */,
				2023AF3020AADB8A00A5CD87 /* JJCWeiboManager.m in Sources */,
				2021E75120BC15F2009625F1 /* JJCCMBManager.m in Sources */,
				20A0CBBB20B3F4B60043B5AF /* UIImage+scale.m in Sources */,
				2021E74D20BC15F2009625F1 /* CMBWKWebViewController.m in Sources */,
				20A0CBE120B55B3A0043B5AF /* QQWalletSDK.m in Sources */,
				20A0CBD720B429790043B5AF /* JJCTencentRequestManager.m in Sources */,
				20A0CBD920B429790043B5AF /* JJCTencentManager.m in Sources */,
				20A0CBD420B429790043B5AF /* JJCWechatRequestManager.m in Sources */,
				20A35B1D20A979BE00C99247 /* ViewController.m in Sources */,
				20A0CBD820B429790043B5AF /* JJCTencentResponseManager.m in Sources */,
				20A0CBD520B429790043B5AF /* JJCWechatResponseManager.m in Sources */,
				20A35B3520A97EDB00C99247 /* JJCThirdPlatformModel.m in Sources */,
				20A0CBD120B429790043B5AF /* JJCAlipayResponseManager.m in Sources */,
				20A35B2820A979BE00C99247 /* main.m in Sources */,
				2023AF3320AADD8C00A5CD87 /* JJCBaseThirdPlatformRequestManager.m in Sources */,
				20A0CBD320B429790043B5AF /* JJCAlipayManager.m in Sources */,
				2021E75020BC15F2009625F1 /* JJCCMBRequestManager.m in Sources */,
				2021E74F20BC15F2009625F1 /* JJCCMBResponseManager.m in Sources */,
				20A0CBB820B3C25F0043B5AF /* NetworkRequestHelper.m in Sources */,
				2023AF2020AA7F9B00A5CD87 /* JJCBaseThirdPlatformResponseManager.m in Sources */,
				20A0CBB520B3C1540043B5AF /* NSData+json.m in Sources */,
				20A35B1A20A979BE00C99247 /* AppDelegate.m in Sources */,
				2023AF3920AADDFA00A5CD87 /* JJCWeiboResponseManager.m in Sources */,
				20A0CBD220B429790043B5AF /* JJCAlipayRequestManager.m in Sources */,
				20A0CBD620B429790043B5AF /* JJCWechatManager.m in Sources */,
			);
			runOnlyForDeploymentPostprocessing = 0;
		};
/* End PBXSourcesBuildPhase section */

/* Begin PBXVariantGroup section */
		20A35B1E20A979BE00C99247 /* Main.storyboard */ = {
			isa = PBXVariantGroup;
			children = (
				20A35B1F20A979BE00C99247 /* Base */,
			);
			name = Main.storyboard;
			sourceTree = "<group>";
		};
		20A35B2320A979BE00C99247 /* LaunchScreen.storyboard */ = {
			isa = PBXVariantGroup;
			children = (
				20A35B2420A979BE00C99247 /* Base */,
			);
			name = LaunchScreen.storyboard;
			sourceTree = "<group>";
		};
/* End PBXVariantGroup section */

/* Begin XCBuildConfiguration section */
		20A35B2920A979BE00C99247 /* Debug */ = {
			isa = XCBuildConfiguration;
			buildSettings = {
				ALWAYS_SEARCH_USER_PATHS = NO;
				CLANG_ANALYZER_NONNULL = YES;
				CLANG_ANALYZER_NUMBER_OBJECT_CONVERSION = YES_AGGRESSIVE;
				CLANG_CXX_LANGUAGE_STANDARD = "gnu++14";
				CLANG_CXX_LIBRARY = "libc++";
				CLANG_ENABLE_MODULES = YES;
				CLANG_ENABLE_OBJC_ARC = YES;
				CLANG_WARN_BLOCK_CAPTURE_AUTORELEASING = YES;
				CLANG_WARN_BOOL_CONVERSION = YES;
				CLANG_WARN_COMMA = YES;
				CLANG_WARN_CONSTANT_CONVERSION = YES;
				CLANG_WARN_DIRECT_OBJC_ISA_USAGE = YES_ERROR;
				CLANG_WARN_DOCUMENTATION_COMMENTS = YES;
				CLANG_WARN_EMPTY_BODY = YES;
				CLANG_WARN_ENUM_CONVERSION = YES;
				CLANG_WARN_INFINITE_RECURSION = YES;
				CLANG_WARN_INT_CONVERSION = YES;
				CLANG_WARN_NON_LITERAL_NULL_CONVERSION = YES;
				CLANG_WARN_OBJC_LITERAL_CONVERSION = YES;
				CLANG_WARN_OBJC_ROOT_CLASS = YES_ERROR;
				CLANG_WARN_RANGE_LOOP_ANALYSIS = YES;
				CLANG_WARN_STRICT_PROTOTYPES = YES;
				CLANG_WARN_SUSPICIOUS_MOVE = YES;
				CLANG_WARN_UNGUARDED_AVAILABILITY = YES_AGGRESSIVE;
				CLANG_WARN_UNREACHABLE_CODE = YES;
				CLANG_WARN__DUPLICATE_METHOD_MATCH = YES;
				CODE_SIGN_IDENTITY = "iPhone Developer";
				COPY_PHASE_STRIP = NO;
				DEBUG_INFORMATION_FORMAT = dwarf;
				ENABLE_STRICT_OBJC_MSGSEND = YES;
				ENABLE_TESTABILITY = YES;
				GCC_C_LANGUAGE_STANDARD = gnu11;
				GCC_DYNAMIC_NO_PIC = NO;
				GCC_NO_COMMON_BLOCKS = YES;
				GCC_OPTIMIZATION_LEVEL = 0;
				GCC_PREPROCESSOR_DEFINITIONS = (
					"DEBUG=1",
					"$(inherited)",
				);
				GCC_WARN_64_TO_32_BIT_CONVERSION = YES;
				GCC_WARN_ABOUT_RETURN_TYPE = YES_ERROR;
				GCC_WARN_UNDECLARED_SELECTOR = YES;
				GCC_WARN_UNINITIALIZED_AUTOS = YES_AGGRESSIVE;
				GCC_WARN_UNUSED_FUNCTION = YES;
				GCC_WARN_UNUSED_VARIABLE = YES;
				IPHONEOS_DEPLOYMENT_TARGET = 11.2;
				MTL_ENABLE_DEBUG_INFO = YES;
				ONLY_ACTIVE_ARCH = YES;
				SDKROOT = iphoneos;
			};
			name = Debug;
		};
		20A35B2A20A979BE00C99247 /* Release */ = {
			isa = XCBuildConfiguration;
			buildSettings = {
				ALWAYS_SEARCH_USER_PATHS = NO;
				CLANG_ANALYZER_NONNULL = YES;
				CLANG_ANALYZER_NUMBER_OBJECT_CONVERSION = YES_AGGRESSIVE;
				CLANG_CXX_LANGUAGE_STANDARD = "gnu++14";
				CLANG_CXX_LIBRARY = "libc++";
				CLANG_ENABLE_MODULES = YES;
				CLANG_ENABLE_OBJC_ARC = YES;
				CLANG_WARN_BLOCK_CAPTURE_AUTORELEASING = YES;
				CLANG_WARN_BOOL_CONVERSION = YES;
				CLANG_WARN_COMMA = YES;
				CLANG_WARN_CONSTANT_CONVERSION = YES;
				CLANG_WARN_DIRECT_OBJC_ISA_USAGE = YES_ERROR;
				CLANG_WARN_DOCUMENTATION_COMMENTS = YES;
				CLANG_WARN_EMPTY_BODY = YES;
				CLANG_WARN_ENUM_CONVERSION = YES;
				CLANG_WARN_INFINITE_RECURSION = YES;
				CLANG_WARN_INT_CONVERSION = YES;
				CLANG_WARN_NON_LITERAL_NULL_CONVERSION = YES;
				CLANG_WARN_OBJC_LITERAL_CONVERSION = YES;
				CLANG_WARN_OBJC_ROOT_CLASS = YES_ERROR;
				CLANG_WARN_RANGE_LOOP_ANALYSIS = YES;
				CLANG_WARN_STRICT_PROTOTYPES = YES;
				CLANG_WARN_SUSPICIOUS_MOVE = YES;
				CLANG_WARN_UNGUARDED_AVAILABILITY = YES_AGGRESSIVE;
				CLANG_WARN_UNREACHABLE_CODE = YES;
				CLANG_WARN__DUPLICATE_METHOD_MATCH = YES;
				CODE_SIGN_IDENTITY = "iPhone Developer";
				COPY_PHASE_STRIP = NO;
				DEBUG_INFORMATION_FORMAT = "dwarf-with-dsym";
				ENABLE_NS_ASSERTIONS = NO;
				ENABLE_STRICT_OBJC_MSGSEND = YES;
				GCC_C_LANGUAGE_STANDARD = gnu11;
				GCC_NO_COMMON_BLOCKS = YES;
				GCC_WARN_64_TO_32_BIT_CONVERSION = YES;
				GCC_WARN_ABOUT_RETURN_TYPE = YES_ERROR;
				GCC_WARN_UNDECLARED_SELECTOR = YES;
				GCC_WARN_UNINITIALIZED_AUTOS = YES_AGGRESSIVE;
				GCC_WARN_UNUSED_FUNCTION = YES;
				GCC_WARN_UNUSED_VARIABLE = YES;
				IPHONEOS_DEPLOYMENT_TARGET = 11.2;
				MTL_ENABLE_DEBUG_INFO = NO;
				SDKROOT = iphoneos;
				VALIDATE_PRODUCT = YES;
			};
			name = Release;
		};
		20A35B2C20A979BE00C99247 /* Debug */ = {
			isa = XCBuildConfiguration;
			baseConfigurationReference = C486E4C3554AD73919377BD5 /* Pods-JJCThirdPlatformKit.debug.xcconfig */;
			buildSettings = {
				ASSETCATALOG_COMPILER_APPICON_NAME = AppIcon;
				CODE_SIGN_STYLE = Automatic;
				FRAMEWORK_SEARCH_PATHS = (
					"$(inherited)",
					"$(PROJECT_DIR)/Frameworks",
					"$(PROJECT_DIR)/TencentManager/TencentOpenSDK",
					"$(PROJECT_DIR)/AlipayManager/AlipaySDK",
					"$(PROJECT_DIR)/CMBManager/CMBSDK",
				);
				HEADER_SEARCH_PATHS = (
					"$(inherited)",
					"\"${PODS_ROOT}/Headers/Public\"",
					"\"${PODS_ROOT}/Headers/Public/WechatOpenSDK\"",
					"\"${PODS_ROOT}/Headers/Public/WeiboSDK\"",
				);
				INFOPLIST_FILE = JJCThirdPlatformKit/Info.plist;
				IPHONEOS_DEPLOYMENT_TARGET = 8.0;
				LD_RUNPATH_SEARCH_PATHS = "$(inherited) @executable_path/Frameworks";
				LIBRARY_SEARCH_PATHS = (
					"$(inherited)",
					"\"${PODS_ROOT}/WechatOpenSDK/WechatSDK1.8.2\"",
					"\"${PODS_ROOT}/WeiboSDK/libWeiboSDK\"",
					"$(PROJECT_DIR)/AlipayManager/AlipaySDK/AliSDKDemo",
				);
				PRODUCT_BUNDLE_IDENTIFIER = com.JJC.JJCThirdPlatformKit;
				PRODUCT_NAME = "$(TARGET_NAME)";
				TARGETED_DEVICE_FAMILY = "1,2";
			};
			name = Debug;
		};
		20A35B2D20A979BE00C99247 /* Release */ = {
			isa = XCBuildConfiguration;
			baseConfigurationReference = 3727F165370EA913A55DF9CB /* Pods-JJCThirdPlatformKit.release.xcconfig */;
			buildSettings = {
				ASSETCATALOG_COMPILER_APPICON_NAME = AppIcon;
				CODE_SIGN_STYLE = Automatic;
				FRAMEWORK_SEARCH_PATHS = (
					"$(inherited)",
					"$(PROJECT_DIR)/Frameworks",
					"$(PROJECT_DIR)/TencentManager/TencentOpenSDK",
					"$(PROJECT_DIR)/AlipayManager/AlipaySDK",
					"$(PROJECT_DIR)/CMBManager/CMBSDK",
				);
				HEADER_SEARCH_PATHS = (
					"$(inherited)",
					"\"${PODS_ROOT}/Headers/Public\"",
					"\"${PODS_ROOT}/Headers/Public/WechatOpenSDK\"",
					"\"${PODS_ROOT}/Headers/Public/WeiboSDK\"",
				);
				INFOPLIST_FILE = JJCThirdPlatformKit/Info.plist;
				IPHONEOS_DEPLOYMENT_TARGET = 8.0;
				LD_RUNPATH_SEARCH_PATHS = "$(inherited) @executable_path/Frameworks";
				LIBRARY_SEARCH_PATHS = (
					"$(inherited)",
					"\"${PODS_ROOT}/WechatOpenSDK/WechatSDK1.8.2\"",
					"\"${PODS_ROOT}/WeiboSDK/libWeiboSDK\"",
					"$(PROJECT_DIR)/AlipayManager/AlipaySDK/AliSDKDemo",
				);
				PRODUCT_BUNDLE_IDENTIFIER = com.JJC.JJCThirdPlatformKit;
				PRODUCT_NAME = "$(TARGET_NAME)";
				TARGETED_DEVICE_FAMILY = "1,2";
			};
			name = Release;
		};
/* End XCBuildConfiguration section */

/* Begin XCConfigurationList section */
		20A35B1020A979BE00C99247 /* Build configuration list for PBXProject "JJCThirdPlatformKit" */ = {
			isa = XCConfigurationList;
			buildConfigurations = (
				20A35B2920A979BE00C99247 /* Debug */,
				20A35B2A20A979BE00C99247 /* Release */,
			);
			defaultConfigurationIsVisible = 0;
			defaultConfigurationName = Release;
		};
		20A35B2B20A979BE00C99247 /* Build configuration list for PBXNativeTarget "JJCThirdPlatformKit" */ = {
			isa = XCConfigurationList;
			buildConfigurations = (
				20A35B2C20A979BE00C99247 /* Debug */,
				20A35B2D20A979BE00C99247 /* Release */,
			);
			defaultConfigurationIsVisible = 0;
			defaultConfigurationName = Release;
		};
/* End XCConfigurationList section */
	};
	rootObject = 20A35B0D20A979BE00C99247 /* Project object */;
}
